// !$*UTF8*$!
{
	archiveVersion = 1;
	classes = {
	};
	objectVersion = 46;
	objects = {

/* Begin PBXBuildFile section */
		B123796B1F2AE10A00E44607 /* AppDelegate.swift in Sources */ = {isa = PBXBuildFile; fileRef = B123796A1F2AE10A00E44607 /* AppDelegate.swift */; };
		B123796D1F2AE10A00E44607 /* ViewController.swift in Sources */ = {isa = PBXBuildFile; fileRef = B123796C1F2AE10A00E44607 /* ViewController.swift */; };
		B12379701F2AE10A00E44607 /* Main.storyboard in Resources */ = {isa = PBXBuildFile; fileRef = B123796E1F2AE10A00E44607 /* Main.storyboard */; };
		B12379721F2AE10A00E44607 /* Assets.xcassets in Resources */ = {isa = PBXBuildFile; fileRef = B12379711F2AE10A00E44607 /* Assets.xcassets */; };
		B12379751F2AE10A00E44607 /* LaunchScreen.storyboard in Resources */ = {isa = PBXBuildFile; fileRef = B12379731F2AE10A00E44607 /* LaunchScreen.storyboard */; };
		B12379931F2AF57200E44607 /* SignUpViewController.swift in Sources */ = {isa = PBXBuildFile; fileRef = B12379921F2AF57200E44607 /* SignUpViewController.swift */; };
		B12379A31F2B198F00E44607 /* PKRU.png in Resources */ = {isa = PBXBuildFile; fileRef = B12379A21F2B198F00E44607 /* PKRU.png */; };
		B12379A51F2B19B100E44607 /* cute1.jpg in Resources */ = {isa = PBXBuildFile; fileRef = B12379A41F2B19B100E44607 /* cute1.jpg */; };
		B12379A71F2B19BF00E44607 /* BG.jpg in Resources */ = {isa = PBXBuildFile; fileRef = B12379A61F2B19BF00E44607 /* BG.jpg */; };
		B12379AB1F2B1A8200E44607 /* ic_exit_to_app_2x.png in Resources */ = {isa = PBXBuildFile; fileRef = B12379A81F2B1A8200E44607 /* ic_exit_to_app_2x.png */; };
		B12379AC1F2B1A8200E44607 /* ic_exit_to_app_3x.png in Resources */ = {isa = PBXBuildFile; fileRef = B12379A91F2B1A8200E44607 /* ic_exit_to_app_3x.png */; };
		B12379AD1F2B1A8200E44607 /* ic_exit_to_app.png in Resources */ = {isa = PBXBuildFile; fileRef = B12379AA1F2B1A8200E44607 /* ic_exit_to_app.png */; };
		B12379B11F2B1AA100E44607 /* ic_save_2x.png in Resources */ = {isa = PBXBuildFile; fileRef = B12379AE1F2B1AA100E44607 /* ic_save_2x.png */; };
		B12379B21F2B1AA100E44607 /* ic_save_3x.png in Resources */ = {isa = PBXBuildFile; fileRef = B12379AF1F2B1AA100E44607 /* ic_save_3x.png */; };
		B12379B31F2B1AA100E44607 /* ic_save.png in Resources */ = {isa = PBXBuildFile; fileRef = B12379B01F2B1AA100E44607 /* ic_save.png */; };
		B12379B71F2B1AB800E44607 /* ic_keyboard_backspace_2x.png in Resources */ = {isa = PBXBuildFile; fileRef = B12379B41F2B1AB800E44607 /* ic_keyboard_backspace_2x.png */; };
		B12379B81F2B1AB800E44607 /* ic_keyboard_backspace_3x.png in Resources */ = {isa = PBXBuildFile; fileRef = B12379B51F2B1AB800E44607 /* ic_keyboard_backspace_3x.png */; };
		B12379B91F2B1AB800E44607 /* ic_keyboard_backspace.png in Resources */ = {isa = PBXBuildFile; fileRef = B12379B61F2B1AB800E44607 /* ic_keyboard_backspace.png */; };
		B12379BD1F2B1ACB00E44607 /* ic_group_add_2x.png in Resources */ = {isa = PBXBuildFile; fileRef = B12379BA1F2B1ACB00E44607 /* ic_group_add_2x.png */; };
		B12379BE1F2B1ACB00E44607 /* ic_group_add_3x.png in Resources */ = {isa = PBXBuildFile; fileRef = B12379BB1F2B1ACB00E44607 /* ic_group_add_3x.png */; };
		B12379BF1F2B1ACB00E44607 /* ic_group_add.png in Resources */ = {isa = PBXBuildFile; fileRef = B12379BC1F2B1ACB00E44607 /* ic_group_add.png */; };
/* End PBXBuildFile section */

/* Begin PBXFileReference section */
		B12379671F2AE10A00E44607 /* PKRUService.app */ = {isa = PBXFileReference; explicitFileType = wrapper.application; includeInIndex = 0; path = PKRUService.app; sourceTree = BUILT_PRODUCTS_DIR; };
		B123796A1F2AE10A00E44607 /* AppDelegate.swift */ = {isa = PBXFileReference; lastKnownFileType = sourcecode.swift; path = AppDelegate.swift; sourceTree = "<group>"; };
		B123796C1F2AE10A00E44607 /* ViewController.swift */ = {isa = PBXFileReference; lastKnownFileType = sourcecode.swift; path = ViewController.swift; sourceTree = "<group>"; };
		B123796F1F2AE10A00E44607 /* Base */ = {isa = PBXFileReference; lastKnownFileType = file.storyboard; name = Base; path = Base.lproj/Main.storyboard; sourceTree = "<group>"; };
		B12379711F2AE10A00E44607 /* Assets.xcassets */ = {isa = PBXFileReference; lastKnownFileType = folder.assetcatalog; path = Assets.xcassets; sourceTree = "<group>"; };
		B12379741F2AE10A00E44607 /* Base */ = {isa = PBXFileReference; lastKnownFileType = file.storyboard; name = Base; path = Base.lproj/LaunchScreen.storyboard; sourceTree = "<group>"; };
		B12379761F2AE10A00E44607 /* Info.plist */ = {isa = PBXFileReference; lastKnownFileType = text.plist.xml; path = Info.plist; sourceTree = "<group>"; };
		B12379921F2AF57200E44607 /* SignUpViewController.swift */ = {isa = PBXFileReference; fileEncoding = 4; lastKnownFileType = sourcecode.swift; name = SignUpViewController.swift; path = ../SignUpViewController.swift; sourceTree = "<group>"; };
		B12379A21F2B198F00E44607 /* PKRU.png */ = {isa = PBXFileReference; lastKnownFileType = image.png; path = PKRU.png; sourceTree = "<group>"; };
		B12379A41F2B19B100E44607 /* cute1.jpg */ = {isa = PBXFileReference; lastKnownFileType = image.jpeg; path = cute1.jpg; sourceTree = "<group>"; };
		B12379A61F2B19BF00E44607 /* BG.jpg */ = {isa = PBXFileReference; lastKnownFileType = image.jpeg; path = BG.jpg; sourceTree = "<group>"; };
		B12379A81F2B1A8200E44607 /* ic_exit_to_app_2x.png */ = {isa = PBXFileReference; lastKnownFileType = image.png; path = ic_exit_to_app_2x.png; sourceTree = "<group>"; };
		B12379A91F2B1A8200E44607 /* ic_exit_to_app_3x.png */ = {isa = PBXFileReference; lastKnownFileType = image.png; path = ic_exit_to_app_3x.png; sourceTree = "<group>"; };
		B12379AA1F2B1A8200E44607 /* ic_exit_to_app.png */ = {isa = PBXFileReference; lastKnownFileType = image.png; path = ic_exit_to_app.png; sourceTree = "<group>"; };
		B12379AE1F2B1AA100E44607 /* ic_save_2x.png */ = {isa = PBXFileReference; lastKnownFileType = image.png; path = ic_save_2x.png; sourceTree = "<group>"; };
		B12379AF1F2B1AA100E44607 /* ic_save_3x.png */ = {isa = PBXFileReference; lastKnownFileType = image.png; path = ic_save_3x.png; sourceTree = "<group>"; };
		B12379B01F2B1AA100E44607 /* ic_save.png */ = {isa = PBXFileReference; lastKnownFileType = image.png; path = ic_save.png; sourceTree = "<group>"; };
		B12379B41F2B1AB800E44607 /* ic_keyboard_backspace_2x.png */ = {isa = PBXFileReference; lastKnownFileType = image.png; path = ic_keyboard_backspace_2x.png; sourceTree = "<group>"; };
		B12379B51F2B1AB800E44607 /* ic_keyboard_backspace_3x.png */ = {isa = PBXFileReference; lastKnownFileType = image.png; path = ic_keyboard_backspace_3x.png; sourceTree = "<group>"; };
		B12379B61F2B1AB800E44607 /* ic_keyboard_backspace.png */ = {isa = PBXFileReference; lastKnownFileType = image.png; path = ic_keyboard_backspace.png; sourceTree = "<group>"; };
		B12379BA1F2B1ACB00E44607 /* ic_group_add_2x.png */ = {isa = PBXFileReference; lastKnownFileType = image.png; path = ic_group_add_2x.png; sourceTree = "<group>"; };
		B12379BB1F2B1ACB00E44607 /* ic_group_add_3x.png */ = {isa = PBXFileReference; lastKnownFileType = image.png; path = ic_group_add_3x.png; sourceTree = "<group>"; };
		B12379BC1F2B1ACB00E44607 /* ic_group_add.png */ = {isa = PBXFileReference; lastKnownFileType = image.png; path = ic_group_add.png; sourceTree = "<group>"; };
/* End PBXFileReference section */

/* Begin PBXFrameworksBuildPhase section */
		B12379641F2AE10A00E44607 /* Frameworks */ = {
			isa = PBXFrameworksBuildPhase;
			buildActionMask = 2147483647;
			files = (
			);
			runOnlyForDeploymentPostprocessing = 0;
		};
/* End PBXFrameworksBuildPhase section */

/* Begin PBXGroup section */
		B123795E1F2AE10A00E44607 = {
			isa = PBXGroup;
			children = (
				B12379691F2AE10A00E44607 /* PKRUService */,
				B12379681F2AE10A00E44607 /* Products */,
			);
			sourceTree = "<group>";
		};
		B12379681F2AE10A00E44607 /* Products */ = {
			isa = PBXGroup;
			children = (
				B12379671F2AE10A00E44607 /* PKRUService.app */,
			);
			name = Products;
			sourceTree = "<group>";
		};
		B12379691F2AE10A00E44607 /* PKRUService */ = {
			isa = PBXGroup;
			children = (
				B12379A41F2B19B100E44607 /* cute1.jpg */,
				B12379A21F2B198F00E44607 /* PKRU.png */,
				B123796A1F2AE10A00E44607 /* AppDelegate.swift */,
				B12379A81F2B1A8200E44607 /* ic_exit_to_app_2x.png */,
				B12379A91F2B1A8200E44607 /* ic_exit_to_app_3x.png */,
				B12379AE1F2B1AA100E44607 /* ic_save_2x.png */,
				B12379AF1F2B1AA100E44607 /* ic_save_3x.png */,
				B12379B41F2B1AB800E44607 /* ic_keyboard_backspace_2x.png */,
				B12379B51F2B1AB800E44607 /* ic_keyboard_backspace_3x.png */,
				B12379B61F2B1AB800E44607 /* ic_keyboard_backspace.png */,
				B12379BA1F2B1ACB00E44607 /* ic_group_add_2x.png */,
				B12379BB1F2B1ACB00E44607 /* ic_group_add_3x.png */,
				B12379BC1F2B1ACB00E44607 /* ic_group_add.png */,
				B12379B01F2B1AA100E44607 /* ic_save.png */,
				B12379AA1F2B1A8200E44607 /* ic_exit_to_app.png */,
				B12379A61F2B19BF00E44607 /* BG.jpg */,
				B12379921F2AF57200E44607 /* SignUpViewController.swift */,
				B123796C1F2AE10A00E44607 /* ViewController.swift */,
				B123796E1F2AE10A00E44607 /* Main.storyboard */,
				B12379711F2AE10A00E44607 /* Assets.xcassets */,
				B12379731F2AE10A00E44607 /* LaunchScreen.storyboard */,
				B12379761F2AE10A00E44607 /* Info.plist */,
			);
			path = PKRUService;
			sourceTree = "<group>";
		};
/* End PBXGroup section */

/* Begin PBXNativeTarget section */
		B12379661F2AE10A00E44607 /* PKRUService */ = {
			isa = PBXNativeTarget;
			buildConfigurationList = B12379791F2AE10A00E44607 /* Build configuration list for PBXNativeTarget "PKRUService" */;
			buildPhases = (
				B12379631F2AE10A00E44607 /* Sources */,
				B12379641F2AE10A00E44607 /* Frameworks */,
				B12379651F2AE10A00E44607 /* Resources */,
			);
			buildRules = (
			);
			dependencies = (
			);
			name = PKRUService;
			productName = PKRUService;
			productReference = B12379671F2AE10A00E44607 /* PKRUService.app */;
			productType = "com.apple.product-type.application";
		};
/* End PBXNativeTarget section */

/* Begin PBXProject section */
		B123795F1F2AE10A00E44607 /* Project object */ = {
			isa = PBXProject;
			attributes = {
				LastSwiftUpdateCheck = 0830;
				LastUpgradeCheck = 0830;
				ORGANIZATIONNAME = jane;
				TargetAttributes = {
					B12379661F2AE10A00E44607 = {
						CreatedOnToolsVersion = 8.3.3;
						ProvisioningStyle = Automatic;
					};
				};
			};
			buildConfigurationList = B12379621F2AE10A00E44607 /* Build configuration list for PBXProject "PKRUService" */;
			compatibilityVersion = "Xcode 3.2";
			developmentRegion = English;
			hasScannedForEncodings = 0;
			knownRegions = (
				en,
				Base,
			);
			mainGroup = B123795E1F2AE10A00E44607;
			productRefGroup = B12379681F2AE10A00E44607 /* Products */;
			projectDirPath = "";
			projectRoot = "";
			targets = (
				B12379661F2AE10A00E44607 /* PKRUService */,
			);
		};
/* End PBXProject section */

/* Begin PBXResourcesBuildPhase section */
		B12379651F2AE10A00E44607 /* Resources */ = {
			isa = PBXResourcesBuildPhase;
			buildActionMask = 2147483647;
			files = (
				B12379B11F2B1AA100E44607 /* ic_save_2x.png in Resources */,
				B12379A51F2B19B100E44607 /* cute1.jpg in Resources */,
				B12379B71F2B1AB800E44607 /* ic_keyboard_backspace_2x.png in Resources */,
				B12379BF1F2B1ACB00E44607 /* ic_group_add.png in Resources */,
				B12379AC1F2B1A8200E44607 /* ic_exit_to_app_3x.png in Resources */,
				B12379BE1F2B1ACB00E44607 /* ic_group_add_3x.png in Resources */,
				B12379AD1F2B1A8200E44607 /* ic_exit_to_app.png in Resources */,
				B12379B31F2B1AA100E44607 /* ic_save.png in Resources */,
				B12379B91F2B1AB800E44607 /* ic_keyboard_backspace.png in Resources */,
				B12379AB1F2B1A8200E44607 /* ic_exit_to_app_2x.png in Resources */,
				B12379B81F2B1AB800E44607 /* ic_keyboard_backspace_3x.png in Resources */,
				B12379751F2AE10A00E44607 /* LaunchScreen.storyboard in Resources */,
				B12379B21F2B1AA100E44607 /* ic_save_3x.png in Resources */,
				B12379A71F2B19BF00E44607 /* BG.jpg in Resources */,
				B12379A31F2B198F00E44607 /* PKRU.png in Resources */,
				B12379721F2AE10A00E44607 /* Assets.xcassets in Resources */,
				B12379701F2AE10A00E44607 /* Main.storyboard in Resources */,
				B12379BD1F2B1ACB00E44607 /* ic_group_add_2x.png in Resources */,
			);
			runOnlyForDeploymentPostprocessing = 0;
		};
/* End PBXResourcesBuildPhase section */

/* Begin PBXSourcesBuildPhase section */
		B12379631F2AE10A00E44607 /* Sources */ = {
			isa = PBXSourcesBuildPhase;
			buildActionMask = 2147483647;
			files = (
				B12379931F2AF57200E44607 /* SignUpViewController.swift in Sources */,
				B123796D1F2AE10A00E44607 /* ViewController.swift in Sources */,
				B123796B1F2AE10A00E44607 /* AppDelegate.swift in Sources */,
			);
			runOnlyForDeploymentPostprocessing = 0;
		};
/* End PBXSourcesBuildPhase section */

/* Begin PBXVariantGroup section */
		B123796E1F2AE10A00E44607 /* Main.storyboard */ = {
			isa = PBXVariantGroup;
			children = (
				B123796F1F2AE10A00E44607 /* Base */,
			);
			name = Main.storyboard;
			sourceTree = "<group>";
		};
		B12379731F2AE10A00E44607 /* LaunchScreen.storyboard */ = {
			isa = PBXVariantGroup;
			children = (
				B12379741F2AE10A00E44607 /* Base */,
			);
			name = LaunchScreen.storyboard;
			sourceTree = "<group>";
		};
/* End PBXVariantGroup section */

/* Begin XCBuildConfiguration section */
		B12379771F2AE10A00E44607 /* Debug */ = {
			isa = XCBuildConfiguration;
			buildSettings = {
				ALWAYS_SEARCH_USER_PATHS = NO;
				CLANG_ANALYZER_NONNULL = YES;
				CLANG_ANALYZER_NUMBER_OBJECT_CONVERSION = YES_AGGRESSIVE;
				CLANG_CXX_LANGUAGE_STANDARD = "gnu++0x";
				CLANG_CXX_LIBRARY = "libc++";
				CLANG_ENABLE_MODULES = YES;
				CLANG_ENABLE_OBJC_ARC = YES;
				CLANG_WARN_BOOL_CONVERSION = YES;
				CLANG_WARN_CONSTANT_CONVERSION = YES;
				CLANG_WARN_DIRECT_OBJC_ISA_USAGE = YES_ERROR;
				CLANG_WARN_DOCUMENTATION_COMMENTS = YES;
				CLANG_WARN_EMPTY_BODY = YES;
				CLANG_WARN_ENUM_CONVERSION = YES;
				CLANG_WARN_INFINITE_RECURSION = YES;
				CLANG_WARN_INT_CONVERSION = YES;
				CLANG_WARN_OBJC_ROOT_CLASS = YES_ERROR;
				CLANG_WARN_SUSPICIOUS_MOVE = YES;
				CLANG_WARN_UNREACHABLE_CODE = YES;
				CLANG_WARN__DUPLICATE_METHOD_MATCH = YES;
				"CODE_SIGN_IDENTITY[sdk=iphoneos*]" = "iPhone Developer";
				COPY_PHASE_STRIP = NO;
				DEBUG_INFORMATION_FORMAT = dwarf;
				ENABLE_STRICT_OBJC_MSGSEND = YES;
				ENABLE_TESTABILITY = YES;
				GCC_C_LANGUAGE_STANDARD = gnu99;
				GCC_DYNAMIC_NO_PIC = NO;
				GCC_NO_COMMON_BLOCKS = YES;
				GCC_OPTIMIZATION_LEVEL = 0;
				GCC_PREPROCESSOR_DEFINITIONS = (
					"DEBUG=1",
					"$(inherited)",
				);
				GCC_WARN_64_TO_32_BIT_CONVERSION = YES;
				GCC_WARN_ABOUT_RETURN_TYPE = YES_ERROR;
				GCC_WARN_UNDECLARED_SELECTOR = YES;
				GCC_WARN_UNINITIALIZED_AUTOS = YES_AGGRESSIVE;
				GCC_WARN_UNUSED_FUNCTION = YES;
				GCC_WARN_UNUSED_VARIABLE = YES;
				IPHONEOS_DEPLOYMENT_TARGET = 10.3;
				MTL_ENABLE_DEBUG_INFO = YES;
				ONLY_ACTIVE_ARCH = YES;
				SDKROOT = iphoneos;
				SWIFT_ACTIVE_COMPILATION_CONDITIONS = DEBUG;
				SWIFT_OPTIMIZATION_LEVEL = "-Onone";
				TARGETED_DEVICE_FAMILY = "1,2";
			};
			name = Debug;
		};
		B12379781F2AE10A00E44607 /* Release */ = {
			isa = XCBuildConfiguration;
			buildSettings = {
				ALWAYS_SEARCH_USER_PATHS = NO;
				CLANG_ANALYZER_NONNULL = YES;
				CLANG_ANALYZER_NUMBER_OBJECT_CONVERSION = YES_AGGRESSIVE;
				CLANG_CXX_LANGUAGE_STANDARD = "gnu++0x";
				CLANG_CXX_LIBRARY = "libc++";
				CLANG_ENABLE_MODULES = YES;
				CLANG_ENABLE_OBJC_ARC = YES;
				CLANG_WARN_BOOL_CONVERSION = YES;
				CLANG_WARN_CONSTANT_CONVERSION = YES;
				CLANG_WARN_DIRECT_OBJC_ISA_USAGE = YES_ERROR;
				CLANG_WARN_DOCUMENTATION_COMMENTS = YES;
				CLANG_WARN_EMPTY_BODY = YES;
				CLANG_WARN_ENUM_CONVERSION = YES;
				CLANG_WARN_INFINITE_RECURSION = YES;
				CLANG_WARN_INT_CONVERSION = YES;
				CLANG_WARN_OBJC_ROOT_CLASS = YES_ERROR;
				CLANG_WARN_SUSPICIOUS_MOVE = YES;
				CLANG_WARN_UNREACHABLE_CODE = YES;
				CLANG_WARN__DUPLICATE_METHOD_MATCH = YES;
				"CODE_SIGN_IDENTITY[sdk=iphoneos*]" = "iPhone Developer";
				COPY_PHASE_STRIP = NO;
				DEBUG_INFORMATION_FORMAT = "dwarf-with-dsym";
				ENABLE_NS_ASSERTIONS = NO;
				ENABLE_STRICT_OBJC_MSGSEND = YES;
				GCC_C_LANGUAGE_STANDARD = gnu99;
				GCC_NO_COMMON_BLOCKS = YES;
				GCC_WARN_64_TO_32_BIT_CONVERSION = YES;
				GCC_WARN_ABOUT_RETURN_TYPE = YES_ERROR;
				GCC_WARN_UNDECLARED_SELECTOR = YES;
				GCC_WARN_UNINITIALIZED_AUTOS = YES_AGGRESSIVE;
				GCC_WARN_UNUSED_FUNCTION = YES;
				GCC_WARN_UNUSED_VARIABLE = YES;
				IPHONEOS_DEPLOYMENT_TARGET = 10.3;
				MTL_ENABLE_DEBUG_INFO = NO;
				SDKROOT = iphoneos;
				SWIFT_OPTIMIZATION_LEVEL = "-Owholemodule";
				TARGETED_DEVICE_FAMILY = "1,2";
				VALIDATE_PRODUCT = YES;
			};
			name = Release;
		};
		B123797A1F2AE10A00E44607 /* Debug */ = {
			isa = XCBuildConfiguration;
			buildSettings = {
				ASSETCATALOG_COMPILER_APPICON_NAME = AppIcon;
				INFOPLIST_FILE = PKRUService/Info.plist;
				LD_RUNPATH_SEARCH_PATHS = "$(inherited) @executable_path/Frameworks";
				PRODUCT_BUNDLE_IDENTIFIER = jane.PKRUService;
				PRODUCT_NAME = "$(TARGET_NAME)";
				SWIFT_VERSION = 3.0;
			};
			name = Debug;
		};
		B123797B1F2AE10A00E44607 /* Release */ = {
			isa = XCBuildConfiguration;
			buildSettings = {
				ASSETCATALOG_COMPILER_APPICON_NAME = AppIcon;
				INFOPLIST_FILE = PKRUService/Info.plist;
				LD_RUNPATH_SEARCH_PATHS = "$(inherited) @executable_path/Frameworks";
				PRODUCT_BUNDLE_IDENTIFIER = jane.PKRUService;
				PRODUCT_NAME = "$(TARGET_NAME)";
				SWIFT_VERSION = 3.0;
			};
			name = Release;
		};
/* End XCBuildConfiguration section */

/* Begin XCConfigurationList section */
		B12379621F2AE10A00E44607 /* Build configuration list for PBXProject "PKRUService" */ = {
			isa = XCConfigurationList;
			buildConfigurations = (
				B12379771F2AE10A00E44607 /* Debug */,
				B12379781F2AE10A00E44607 /* Release */,
			);
			defaultConfigurationIsVisible = 0;
			defaultConfigurationName = Release;
		};
		B12379791F2AE10A00E44607 /* Build configuration list for PBXNativeTarget "PKRUService" */ = {
			isa = XCConfigurationList;
			buildConfigurations = (
				B123797A1F2AE10A00E44607 /* Debug */,
				B123797B1F2AE10A00E44607 /* Release */,
			);
			defaultConfigurationIsVisible = 0;
		};
/* End XCConfigurationList section */
	};
	rootObject = B123795F1F2AE10A00E44607 /* Project object */;
}
